
Microsoft Visual Studio Solution File, Format Version 12.00
# Visual Studio Version 16
VisualStudioVersion = 16.0.29102.190
MinimumVisualStudioVersion = 10.0.40219.1
Project("{FAE04EC0-301F-11D3-BF4B-00C04F79EFBC}") = "Day 14", "Day 14.csproj", "{D6BA5734-1E67-4939-975E-8B85E5E2AB98}"
EndProject
Global
	GlobalSection(SolutionConfigurationPlatforms) = preSolution
		Debug|Any CPU = Debug|Any CPU
		Release|Any CPU = Release|Any CPU
	EndGlobalSection
	GlobalSection(ProjectConfigurationPlatforms) = postSolution
		{D6BA5734-1E67-4939-975E-8B85E5E2AB98}.Debug|Any CPU.ActiveCfg = Debug|Any CPU
		{D6BA5734-1E67-4939-975E-8B85E5E2AB98}.Debug|Any CPU.Build.0 = Debug|Any CPU
		{D6BA5734-1E67-4939-975E-8B85E5E2AB98}.Release|Any CPU.ActiveCfg = Release|Any CPU
		{D6BA5734-1E67-4939-975E-8B85E5E2AB98}.Release|Any CPU.Build.0 = Release|Any CPU
	EndGlobalSection
	GlobalSection(SolutionProperties) = preSolution
		HideSolutionNode = FALSE
	EndGlobalSection
	GlobalSection(ExtensibilityGlobals) = postSolution
		SolutionGuid = {AB1A1F5A-6562-4018-98AD-FB0B11888753}
	EndGlobalSection
EndGlobal
