
Microsoft Visual Studio Solution File, Format Version 12.00
# Visual Studio Version 16
VisualStudioVersion = 16.0.29102.190
MinimumVisualStudioVersion = 10.0.40219.1
Project("{FAE04EC0-301F-11D3-BF4B-00C04F79EFBC}") = "Day 10", "Day 10.csproj", "{81077157-F70B-4F55-9D10-9D1D1788B770}"
EndProject
Global
	GlobalSection(SolutionConfigurationPlatforms) = preSolution
		Debug|Any CPU = Debug|Any CPU
		Release|Any CPU = Release|Any CPU
	EndGlobalSection
	GlobalSection(ProjectConfigurationPlatforms) = postSolution
		{81077157-F70B-4F55-9D10-9D1D1788B770}.Debug|Any CPU.ActiveCfg = Debug|Any CPU
		{81077157-F70B-4F55-9D10-9D1D1788B770}.Debug|Any CPU.Build.0 = Debug|Any CPU
		{81077157-F70B-4F55-9D10-9D1D1788B770}.Release|Any CPU.ActiveCfg = Release|Any CPU
		{81077157-F70B-4F55-9D10-9D1D1788B770}.Release|Any CPU.Build.0 = Release|Any CPU
	EndGlobalSection
	GlobalSection(SolutionProperties) = preSolution
		HideSolutionNode = FALSE
	EndGlobalSection
	GlobalSection(ExtensibilityGlobals) = postSolution
		SolutionGuid = {3C81C4EA-946A-4ECF-A491-B790A9F6CD80}
	EndGlobalSection
EndGlobal
